
Microsoft Visual Studio Solution File, Format Version 12.00
# Visual Studio Version 16
VisualStudioVersion = 16.0.29613.14
MinimumVisualStudioVersion = 10.0.40219.1
Project("{FAE04EC0-301F-11D3-BF4B-00C04F79EFBC}") = "RestaurantSystem", "RestaurantSystem.csproj", "{FEED3520-D72B-4A0C-9F78-D3DF9AFBCB94}"
EndProject
Project("{FAE04EC0-301F-11D3-BF4B-00C04F79EFBC}") = "POS", "..\POS\POS.csproj", "{522B66A1-0D24-4E1B-B06D-1C3D63B6F07E}"
EndProject
Project("{FAE04EC0-301F-11D3-BF4B-00C04F79EFBC}") = "RoleManagement", "..\RoleManagement\RoleManagement.csproj", "{3BCE2A0A-1DF9-4138-9374-130E45C79059}"
EndProject
Project("{FAE04EC0-301F-11D3-BF4B-00C04F79EFBC}") = "CustomControls", "..\CustomControls\CustomControls.csproj", "{489813AC-3D88-4F8E-8CCA-964F6E09FF46}"
EndProject
Global
	GlobalSection(SolutionConfigurationPlatforms) = preSolution
		Debug|Any CPU = Debug|Any CPU
		Debug|x64 = Debug|x64
		Debug|x86 = Debug|x86
		Release|Any CPU = Release|Any CPU
		Release|x64 = Release|x64
		Release|x86 = Release|x86
		x86|Any CPU = x86|Any CPU
		x86|x64 = x86|x64
		x86|x86 = x86|x86
	EndGlobalSection
	GlobalSection(ProjectConfigurationPlatforms) = postSolution
		{FEED3520-D72B-4A0C-9F78-D3DF9AFBCB94}.Debug|Any CPU.ActiveCfg = Debug|Any CPU
		{FEED3520-D72B-4A0C-9F78-D3DF9AFBCB94}.Debug|Any CPU.Build.0 = Debug|Any CPU
		{FEED3520-D72B-4A0C-9F78-D3DF9AFBCB94}.Debug|x64.ActiveCfg = Debug|Any CPU
		{FEED3520-D72B-4A0C-9F78-D3DF9AFBCB94}.Debug|x64.Build.0 = Debug|Any CPU
		{FEED3520-D72B-4A0C-9F78-D3DF9AFBCB94}.Debug|x86.ActiveCfg = Debug|Any CPU
		{FEED3520-D72B-4A0C-9F78-D3DF9AFBCB94}.Debug|x86.Build.0 = Debug|Any CPU
		{FEED3520-D72B-4A0C-9F78-D3DF9AFBCB94}.Release|Any CPU.ActiveCfg = Release|Any CPU
		{FEED3520-D72B-4A0C-9F78-D3DF9AFBCB94}.Release|Any CPU.Build.0 = Release|Any CPU
		{FEED3520-D72B-4A0C-9F78-D3DF9AFBCB94}.Release|x64.ActiveCfg = Release|Any CPU
		{FEED3520-D72B-4A0C-9F78-D3DF9AFBCB94}.Release|x64.Build.0 = Release|Any CPU
		{FEED3520-D72B-4A0C-9F78-D3DF9AFBCB94}.Release|x86.ActiveCfg = Release|Any CPU
		{FEED3520-D72B-4A0C-9F78-D3DF9AFBCB94}.Release|x86.Build.0 = Release|Any CPU
		{FEED3520-D72B-4A0C-9F78-D3DF9AFBCB94}.x86|Any CPU.ActiveCfg = Release|Any CPU
		{FEED3520-D72B-4A0C-9F78-D3DF9AFBCB94}.x86|Any CPU.Build.0 = Release|Any CPU
		{FEED3520-D72B-4A0C-9F78-D3DF9AFBCB94}.x86|x64.ActiveCfg = Release|Any CPU
		{FEED3520-D72B-4A0C-9F78-D3DF9AFBCB94}.x86|x64.Build.0 = Release|Any CPU
		{FEED3520-D72B-4A0C-9F78-D3DF9AFBCB94}.x86|x86.ActiveCfg = Release|Any CPU
		{FEED3520-D72B-4A0C-9F78-D3DF9AFBCB94}.x86|x86.Build.0 = Release|Any CPU
		{522B66A1-0D24-4E1B-B06D-1C3D63B6F07E}.Debug|Any CPU.ActiveCfg = Debug|Any CPU
		{522B66A1-0D24-4E1B-B06D-1C3D63B6F07E}.Debug|Any CPU.Build.0 = Debug|Any CPU
		{522B66A1-0D24-4E1B-B06D-1C3D63B6F07E}.Debug|x64.ActiveCfg = Debug|Any CPU
		{522B66A1-0D24-4E1B-B06D-1C3D63B6F07E}.Debug|x64.Build.0 = Debug|Any CPU
		{522B66A1-0D24-4E1B-B06D-1C3D63B6F07E}.Debug|x86.ActiveCfg = Debug|Any CPU
		{522B66A1-0D24-4E1B-B06D-1C3D63B6F07E}.Debug|x86.Build.0 = Debug|Any CPU
		{522B66A1-0D24-4E1B-B06D-1C3D63B6F07E}.Release|Any CPU.ActiveCfg = Release|Any CPU
		{522B66A1-0D24-4E1B-B06D-1C3D63B6F07E}.Release|Any CPU.Build.0 = Release|Any CPU
		{522B66A1-0D24-4E1B-B06D-1C3D63B6F07E}.Release|x64.ActiveCfg = Release|Any CPU
		{522B66A1-0D24-4E1B-B06D-1C3D63B6F07E}.Release|x64.Build.0 = Release|Any CPU
		{522B66A1-0D24-4E1B-B06D-1C3D63B6F07E}.Release|x86.ActiveCfg = Release|Any CPU
		{522B66A1-0D24-4E1B-B06D-1C3D63B6F07E}.Release|x86.Build.0 = Release|Any CPU
		{522B66A1-0D24-4E1B-B06D-1C3D63B6F07E}.x86|Any CPU.ActiveCfg = Release|Any CPU
		{522B66A1-0D24-4E1B-B06D-1C3D63B6F07E}.x86|Any CPU.Build.0 = Release|Any CPU
		{522B66A1-0D24-4E1B-B06D-1C3D63B6F07E}.x86|x64.ActiveCfg = Release|Any CPU
		{522B66A1-0D24-4E1B-B06D-1C3D63B6F07E}.x86|x64.Build.0 = Release|Any CPU
		{522B66A1-0D24-4E1B-B06D-1C3D63B6F07E}.x86|x86.ActiveCfg = Release|Any CPU
		{522B66A1-0D24-4E1B-B06D-1C3D63B6F07E}.x86|x86.Build.0 = Release|Any CPU
		{3BCE2A0A-1DF9-4138-9374-130E45C79059}.Debug|Any CPU.ActiveCfg = Debug|Any CPU
		{3BCE2A0A-1DF9-4138-9374-130E45C79059}.Debug|Any CPU.Build.0 = Debug|Any CPU
		{3BCE2A0A-1DF9-4138-9374-130E45C79059}.Debug|x64.ActiveCfg = Debug|Any CPU
		{3BCE2A0A-1DF9-4138-9374-130E45C79059}.Debug|x64.Build.0 = Debug|Any CPU
		{3BCE2A0A-1DF9-4138-9374-130E45C79059}.Debug|x86.ActiveCfg = Debug|Any CPU
		{3BCE2A0A-1DF9-4138-9374-130E45C79059}.Debug|x86.Build.0 = Debug|Any CPU
		{3BCE2A0A-1DF9-4138-9374-130E45C79059}.Release|Any CPU.ActiveCfg = Release|Any CPU
		{3BCE2A0A-1DF9-4138-9374-130E45C79059}.Release|Any CPU.Build.0 = Release|Any CPU
		{3BCE2A0A-1DF9-4138-9374-130E45C79059}.Release|x64.ActiveCfg = Release|Any CPU
		{3BCE2A0A-1DF9-4138-9374-130E45C79059}.Release|x64.Build.0 = Release|Any CPU
		{3BCE2A0A-1DF9-4138-9374-130E45C79059}.Release|x86.ActiveCfg = Release|Any CPU
		{3BCE2A0A-1DF9-4138-9374-130E45C79059}.Release|x86.Build.0 = Release|Any CPU
		{3BCE2A0A-1DF9-4138-9374-130E45C79059}.x86|Any CPU.ActiveCfg = Release|Any CPU
		{3BCE2A0A-1DF9-4138-9374-130E45C79059}.x86|Any CPU.Build.0 = Release|Any CPU
		{3BCE2A0A-1DF9-4138-9374-130E45C79059}.x86|x64.ActiveCfg = Release|Any CPU
		{3BCE2A0A-1DF9-4138-9374-130E45C79059}.x86|x64.Build.0 = Release|Any CPU
		{3BCE2A0A-1DF9-4138-9374-130E45C79059}.x86|x86.ActiveCfg = Release|Any CPU
		{3BCE2A0A-1DF9-4138-9374-130E45C79059}.x86|x86.Build.0 = Release|Any CPU
		{489813AC-3D88-4F8E-8CCA-964F6E09FF46}.Debug|Any CPU.ActiveCfg = Debug|Any CPU
		{489813AC-3D88-4F8E-8CCA-964F6E09FF46}.Debug|Any CPU.Build.0 = Debug|Any CPU
		{489813AC-3D88-4F8E-8CCA-964F6E09FF46}.Debug|x64.ActiveCfg = Debug|x64
		{489813AC-3D88-4F8E-8CCA-964F6E09FF46}.Debug|x64.Build.0 = Debug|x64
		{489813AC-3D88-4F8E-8CCA-964F6E09FF46}.Debug|x86.ActiveCfg = Debug|x86
		{489813AC-3D88-4F8E-8CCA-964F6E09FF46}.Debug|x86.Build.0 = Debug|x86
		{489813AC-3D88-4F8E-8CCA-964F6E09FF46}.Release|Any CPU.ActiveCfg = Release|Any CPU
		{489813AC-3D88-4F8E-8CCA-964F6E09FF46}.Release|Any CPU.Build.0 = Release|Any CPU
		{489813AC-3D88-4F8E-8CCA-964F6E09FF46}.Release|x64.ActiveCfg = Release|x64
		{489813AC-3D88-4F8E-8CCA-964F6E09FF46}.Release|x64.Build.0 = Release|x64
		{489813AC-3D88-4F8E-8CCA-964F6E09FF46}.Release|x86.ActiveCfg = Release|x86
		{489813AC-3D88-4F8E-8CCA-964F6E09FF46}.Release|x86.Build.0 = Release|x86
		{489813AC-3D88-4F8E-8CCA-964F6E09FF46}.x86|Any CPU.ActiveCfg = x86|Any CPU
		{489813AC-3D88-4F8E-8CCA-964F6E09FF46}.x86|Any CPU.Build.0 = x86|Any CPU
		{489813AC-3D88-4F8E-8CCA-964F6E09FF46}.x86|x64.ActiveCfg = x86|x64
		{489813AC-3D88-4F8E-8CCA-964F6E09FF46}.x86|x64.Build.0 = x86|x64
		{489813AC-3D88-4F8E-8CCA-964F6E09FF46}.x86|x86.ActiveCfg = x86|x86
		{489813AC-3D88-4F8E-8CCA-964F6E09FF46}.x86|x86.Build.0 = x86|x86
	EndGlobalSection
	GlobalSection(SolutionProperties) = preSolution
		HideSolutionNode = FALSE
	EndGlobalSection
	GlobalSection(ExtensibilityGlobals) = postSolution
		SolutionGuid = {54A3CFB4-2D6B-4A3F-9C3B-4BFDA3532EF2}
	EndGlobalSection
EndGlobal
